{
  "version": 4,
  "terraform_version": "1.8.5",
  "serial": 42,
  "lineage": "fc034ed9-f176-a93b-c539-61baccfd6f60",
  "outputs": {
    "alb_arn": {
      "value": "arn:aws:elasticloadbalancing:ap-south-1:782696281574:loadbalancer/app/kerala-toors-alb/d7206c81d0ca44c4",
      "type": "string"
    },
    "alb_dns_name": {
      "value": "kerala-toors-alb-958521998.ap-south-1.elb.amazonaws.com",
      "type": "string"
    },
    "application_url": {
      "value": "https://kerala-toors.com",
      "type": "string"
    },
    "certificate_arn": {
      "value": "arn:aws:acm:ap-south-1:782696281574:certificate/0294214f-88c9-4cd1-8bb3-842a3f0be9ef",
      "type": "string"
    },
    "cloudwatch_dashboard_url": {
      "value": "https://console.aws.amazon.com/cloudwatch/home?region=ap-south-1#dashboards:name=kerala-toors-dashboard",
      "type": "string"
    },
    "cloudwatch_log_group_name": {
      "value": "/ecs/kerala-toors",
      "type": "string"
    },
    "domain_name": {
      "value": "kerala-toors.com",
      "type": "string"
    },
    "ecs_cluster_name": {
      "value": "kerala-toors-cluster",
      "type": "string"
    },
    "ecs_service_name": {
      "value": "kerala-toors-service",
      "type": "string"
    },
    "route53_zone_id": {
      "value": "Z08888132ISQ2GSZOST90",
      "type": "string"
    },
    "vpc_id": {
      "value": "vpc-0ea53019326c7f267",
      "type": "string"
    }
  },
  "resources": [
    {
      "mode": "data",
      "type": "aws_availability_zones",
      "name": "available",
      "provider": "provider[\"registry.terraform.io/hashicorp/aws\"]",
      "instances": [
        {
          "schema_version": 0,
          "attributes": {
            "all_availability_zones": null,
            "exclude_names": null,
            "exclude_zone_ids": null,
            "filter": null,
            "group_names": [
              "ap-south-1-zg-1"
            ],
            "id": "ap-south-1",
            "names": [
              "ap-south-1a",
              "ap-south-1b",
              "ap-south-1c"
            ],
            "state": "available",
            "timeouts": null,
            "zone_ids": [
              "aps1-az1",
              "aps1-az3",
              "aps1-az2"
            ]
          },
          "sensitive_attributes": []
        }
      ]
    },
    {
      "mode": "managed",
      "type": "aws_acm_certificate",
      "name": "main",
      "provider": "provider[\"registry.terraform.io/hashicorp/aws\"]",
      "instances": [
        {
          "schema_version": 0,
          "attributes": {
            "arn": "arn:aws:acm:ap-south-1:782696281574:certificate/0294214f-88c9-4cd1-8bb3-842a3f0be9ef",
            "certificate_authority_arn": "",
            "certificate_body": null,
            "certificate_chain": null,
            "domain_name": "kerala-toors.com",
            "domain_validation_options": [
              {
                "domain_name": "*.kerala-toors.com",
                "resource_record_name": "_b0e6f5ff7f882f782ebaa7b643b097b0.kerala-toors.com.",
                "resource_record_type": "CNAME",
                "resource_record_value": "_2dc7e60b550b55bf9adbb1d8e225bbcc.jkddzztszm.acm-validations.aws."
              },
              {
                "domain_name": "kerala-toors.com",
                "resource_record_name": "_b0e6f5ff7f882f782ebaa7b643b097b0.kerala-toors.com.",
                "resource_record_type": "CNAME",
                "resource_record_value": "_2dc7e60b550b55bf9adbb1d8e225bbcc.jkddzztszm.acm-validations.aws."
              }
            ],
            "early_renewal_duration": "",
            "id": "arn:aws:acm:ap-south-1:782696281574:certificate/0294214f-88c9-4cd1-8bb3-842a3f0be9ef",
            "key_algorithm": "RSA_2048",
            "not_after": "",
            "not_before": "",
            "options": [
              {
                "certificate_transparency_logging_preference": "ENABLED"
              }
            ],
            "pending_renewal": false,
            "private_key": null,
            "renewal_eligibility": "INELIGIBLE",
            "renewal_summary": [],
            "status": "PENDING_VALIDATION",
            "subject_alternative_names": [
              "*.kerala-toors.com",
              "kerala-toors.com"
            ],
            "tags": {
              "Name": "kerala-toors-certificate"
            },
            "tags_all": {
              "Environment": "production",
              "ManagedBy": "Terraform",
              "Name": "kerala-toors-certificate",
              "Owner": "DevOps",
              "Project": "Kerala-Toors"
            },
            "type": "AMAZON_ISSUED",
            "validation_emails": [],
            "validation_method": "DNS",
            "validation_option": []
          },
          "sensitive_attributes": [
            [
              {
                "type": "get_attr",
                "value": "private_key"
              }
            ]
          ],
          "private": "bnVsbA==",
          "dependencies": [
            "aws_route53_zone.main"
          ],
          "create_before_destroy": true
        }
      ]
    },
    {
      "mode": "managed",
      "type": "aws_cloudwatch_dashboard",
      "name": "main",
      "provider": "provider[\"registry.terraform.io/hashicorp/aws\"]",
      "instances": [
        {
          "schema_version": 0,
          "attributes": {
            "dashboard_arn": "arn:aws:cloudwatch::782696281574:dashboard/kerala-toors-dashboard",
            "dashboard_body": "{\"widgets\":[{\"properties\":{\"metrics\":[[\"AWS/ECS\",\"CPUUtilization\",{\"stat\":\"Average\"}],[\".\",\"MemoryUtilization\",{\"stat\":\"Average\"}]],\"period\":300,\"region\":\"ap-south-1\",\"stat\":\"Average\",\"title\":\"ECS Service Metrics\"},\"type\":\"metric\"},{\"properties\":{\"metrics\":[[\"AWS/ApplicationELB\",\"TargetResponseTime\",{\"stat\":\"Average\"}],[\".\",\"RequestCount\",{\"stat\":\"Sum\"}],[\".\",\"HTTPCode_Target_2XX_Count\",{\"stat\":\"Sum\"}],[\".\",\"HTTPCode_Target_5XX_Count\",{\"stat\":\"Sum\"}]],\"period\":300,\"region\":\"ap-south-1\",\"stat\":\"Average\",\"title\":\"ALB Metrics\"},\"type\":\"metric\"},{\"properties\":{\"query\":\"fields @timestamp, @message | stats count() by bin(5m)\",\"region\":\"ap-south-1\",\"title\":\"Log Insights\"},\"type\":\"log\"}]}",
            "dashboard_name": "kerala-toors-dashboard",
            "id": "kerala-toors-dashboard"
          },
          "sensitive_attributes": [],
          "private": "bnVsbA=="
        }
      ]
    },
    {
      "mode": "managed",
      "type": "aws_cloudwatch_log_group",
      "name": "ecs",
      "provider": "provider[\"registry.terraform.io/hashicorp/aws\"]",
      "instances": [
        {
          "schema_version": 0,
          "attributes": {
            "arn": "arn:aws:logs:ap-south-1:782696281574:log-group:/ecs/kerala-toors",
            "id": "/ecs/kerala-toors",
            "kms_key_id": "",
            "log_group_class": "STANDARD",
            "name": "/ecs/kerala-toors",
            "name_prefix": "",
            "retention_in_days": 7,
            "skip_destroy": false,
            "tags": {
              "Name": "kerala-toors-log-group"
            },
            "tags_all": {
              "Environment": "production",
              "ManagedBy": "Terraform",
              "Name": "kerala-toors-log-group",
              "Owner": "DevOps",
              "Project": "Kerala-Toors"
            }
          },
          "sensitive_attributes": [],
          "private": "bnVsbA=="
        }
      ]
    },
    {
      "mode": "managed",
      "type": "aws_cloudwatch_metric_alarm",
      "name": "alb_response_time",
      "provider": "provider[\"registry.terraform.io/hashicorp/aws\"]",
      "instances": [
        {
          "schema_version": 1,
          "attributes": {
            "actions_enabled": true,
            "alarm_actions": [
              "arn:aws:sns:ap-south-1:782696281574:kerala-toors-alerts"
            ],
            "alarm_description": "Alert when ALB response time exceeds 1 second",
            "alarm_name": "kerala-toors-slow-response",
            "arn": "arn:aws:cloudwatch:ap-south-1:782696281574:alarm:kerala-toors-slow-response",
            "comparison_operator": "GreaterThanThreshold",
            "datapoints_to_alarm": 0,
            "dimensions": {
              "LoadBalancer": "app/kerala-toors-alb/d7206c81d0ca44c4"
            },
            "evaluate_low_sample_count_percentiles": "",
            "evaluation_periods": 2,
            "extended_statistic": "",
            "id": "kerala-toors-slow-response",
            "insufficient_data_actions": null,
            "metric_name": "TargetResponseTime",
            "metric_query": [],
            "namespace": "AWS/ApplicationELB",
            "ok_actions": null,
            "period": 60,
            "statistic": "Average",
            "tags": {
              "Name": "kerala-toors-response-time-alarm"
            },
            "tags_all": {
              "Environment": "production",
              "ManagedBy": "Terraform",
              "Name": "kerala-toors-response-time-alarm",
              "Owner": "DevOps",
              "Project": "Kerala-Toors"
            },
            "threshold": 1,
            "threshold_metric_id": "",
            "treat_missing_data": "missing",
            "unit": ""
          },
          "sensitive_attributes": [],
          "private": "eyJzY2hlbWFfdmVyc2lvbiI6IjEifQ==",
          "dependencies": [
            "aws_lb.main",
            "aws_security_group.alb",
            "aws_sns_topic.alerts",
            "aws_subnet.public_1",
            "aws_subnet.public_2",
            "aws_vpc.main",
            "data.aws_availability_zones.available"
          ]
        }
      ]
    },
    {
      "mode": "managed",
      "type": "aws_cloudwatch_metric_alarm",
      "name": "alb_unhealthy_hosts",
      "provider": "provider[\"registry.terraform.io/hashicorp/aws\"]",
      "instances": [
        {
          "schema_version": 1,
          "attributes": {
            "actions_enabled": true,
            "alarm_actions": [
              "arn:aws:sns:ap-south-1:782696281574:kerala-toors-alerts"
            ],
            "alarm_description": "Alert when ALB has unhealthy hosts",
            "alarm_name": "kerala-toors-unhealthy-hosts",
            "arn": "arn:aws:cloudwatch:ap-south-1:782696281574:alarm:kerala-toors-unhealthy-hosts",
            "comparison_operator": "GreaterThanOrEqualToThreshold",
            "datapoints_to_alarm": 0,
            "dimensions": {
              "LoadBalancer": "app/kerala-toors-alb/d7206c81d0ca44c4",
              "TargetGroup": "targetgroup/kerala-toors-tg/674af4d2ea5e4bd4"
            },
            "evaluate_low_sample_count_percentiles": "",
            "evaluation_periods": 1,
            "extended_statistic": "",
            "id": "kerala-toors-unhealthy-hosts",
            "insufficient_data_actions": null,
            "metric_name": "UnHealthyHostCount",
            "metric_query": [],
            "namespace": "AWS/ApplicationELB",
            "ok_actions": null,
            "period": 60,
            "statistic": "Average",
            "tags": {
              "Name": "kerala-toors-unhealthy-hosts-alarm"
            },
            "tags_all": {
              "Environment": "production",
              "ManagedBy": "Terraform",
              "Name": "kerala-toors-unhealthy-hosts-alarm",
              "Owner": "DevOps",
              "Project": "Kerala-Toors"
            },
            "threshold": 1,
            "threshold_metric_id": "",
            "treat_missing_data": "missing",
            "unit": ""
          },
          "sensitive_attributes": [],
          "private": "eyJzY2hlbWFfdmVyc2lvbiI6IjEifQ==",
          "dependencies": [
            "aws_lb.main",
            "aws_lb_target_group.main",
            "aws_security_group.alb",
            "aws_sns_topic.alerts",
            "aws_subnet.public_1",
            "aws_subnet.public_2",
            "aws_vpc.main",
            "data.aws_availability_zones.available"
          ]
        }
      ]
    },
    {
      "mode": "managed",
      "type": "aws_ecs_cluster",
      "name": "main",
      "provider": "provider[\"registry.terraform.io/hashicorp/aws\"]",
      "instances": [
        {
          "schema_version": 0,
          "attributes": {
            "arn": "arn:aws:ecs:ap-south-1:782696281574:cluster/kerala-toors-cluster",
            "configuration": [],
            "id": "arn:aws:ecs:ap-south-1:782696281574:cluster/kerala-toors-cluster",
            "name": "kerala-toors-cluster",
            "service_connect_defaults": [],
            "setting": [
              {
                "name": "containerInsights",
                "value": "enabled"
              }
            ],
            "tags": {
              "Name": "kerala-toors-cluster"
            },
            "tags_all": {
              "Environment": "production",
              "ManagedBy": "Terraform",
              "Name": "kerala-toors-cluster",
              "Owner": "DevOps",
              "Project": "Kerala-Toors"
            }
          },
          "sensitive_attributes": [],
          "private": "bnVsbA=="
        }
      ]
    },
    {
      "mode": "managed",
      "type": "aws_ecs_cluster_capacity_providers",
      "name": "main",
      "provider": "provider[\"registry.terraform.io/hashicorp/aws\"]",
      "instances": [
        {
          "schema_version": 0,
          "attributes": {
            "capacity_providers": [
              "FARGATE",
              "FARGATE_SPOT"
            ],
            "cluster_name": "kerala-toors-cluster",
            "default_capacity_provider_strategy": [
              {
                "base": 1,
                "capacity_provider": "FARGATE",
                "weight": 100
              }
            ],
            "id": "kerala-toors-cluster"
          },
          "sensitive_attributes": [],
          "private": "bnVsbA==",
          "dependencies": [
            "aws_ecs_cluster.main"
          ]
        }
      ]
    },
    {
      "mode": "managed",
      "type": "aws_ecs_task_definition",
      "name": "main",
      "provider": "provider[\"registry.terraform.io/hashicorp/aws\"]",
      "instances": [
        {
          "schema_version": 1,
          "attributes": {
            "arn": "arn:aws:ecs:ap-south-1:782696281574:task-definition/kerala-toors:1",
            "arn_without_revision": "arn:aws:ecs:ap-south-1:782696281574:task-definition/kerala-toors",
            "container_definitions": "[{\"environment\":[{\"name\":\"NODE_ENV\",\"value\":\"production\"}],\"essential\":true,\"image\":\"782696281574.dkr.ecr.ap-south-1.amazonaws.com/kerala-toors:latest\",\"logConfiguration\":{\"logDriver\":\"awslogs\",\"options\":{\"awslogs-group\":\"/ecs/kerala-toors\",\"awslogs-region\":\"ap-south-1\",\"awslogs-stream-prefix\":\"ecs\"}},\"mountPoints\":[],\"name\":\"kerala-toors\",\"portMappings\":[{\"containerPort\":80,\"hostPort\":80,\"protocol\":\"tcp\"}],\"systemControls\":[],\"volumesFrom\":[]}]",
            "cpu": "256",
            "enable_fault_injection": false,
            "ephemeral_storage": [],
            "execution_role_arn": "arn:aws:iam::782696281574:role/kerala-toors-ecs-task-execution-role",
            "family": "kerala-toors",
            "id": "kerala-toors",
            "inference_accelerator": [],
            "ipc_mode": "",
            "memory": "512",
            "network_mode": "awsvpc",
            "pid_mode": "",
            "placement_constraints": [],
            "proxy_configuration": [],
            "requires_compatibilities": [
              "FARGATE"
            ],
            "revision": 1,
            "runtime_platform": [],
            "skip_destroy": false,
            "tags": {
              "Name": "kerala-toors-task-definition"
            },
            "tags_all": {
              "Environment": "production",
              "ManagedBy": "Terraform",
              "Name": "kerala-toors-task-definition",
              "Owner": "DevOps",
              "Project": "Kerala-Toors"
            },
            "task_role_arn": "arn:aws:iam::782696281574:role/kerala-toors-ecs-task-role",
            "track_latest": false,
            "volume": []
          },
          "sensitive_attributes": [],
          "private": "eyJzY2hlbWFfdmVyc2lvbiI6IjEifQ==",
          "dependencies": [
            "aws_cloudwatch_log_group.ecs",
            "aws_iam_role.ecs_task_execution_role",
            "aws_iam_role.ecs_task_role"
          ]
        }
      ]
    },
    {
      "mode": "managed",
      "type": "aws_eip",
      "name": "nat",
      "provider": "provider[\"registry.terraform.io/hashicorp/aws\"]",
      "instances": [
        {
          "schema_version": 0,
          "attributes": {
            "address": null,
            "allocation_id": "eipalloc-0ea8815653363bc0d",
            "arn": "arn:aws:ec2:ap-south-1:782696281574:elastic-ip/eipalloc-0ea8815653363bc0d",
            "associate_with_private_ip": null,
            "association_id": "",
            "carrier_ip": "",
            "customer_owned_ip": "",
            "customer_owned_ipv4_pool": "",
            "domain": "vpc",
            "id": "eipalloc-0ea8815653363bc0d",
            "instance": "",
            "ipam_pool_id": null,
            "network_border_group": "ap-south-1",
            "network_interface": "",
            "private_dns": null,
            "private_ip": "",
            "ptr_record": "",
            "public_dns": "ec2-35-154-73-140.ap-south-1.compute.amazonaws.com",
            "public_ip": "35.154.73.140",
            "public_ipv4_pool": "amazon",
            "tags": {
              "Name": "kerala-toors-nat-eip"
            },
            "tags_all": {
              "Environment": "production",
              "ManagedBy": "Terraform",
              "Name": "kerala-toors-nat-eip",
              "Owner": "DevOps",
              "Project": "Kerala-Toors"
            },
            "timeouts": null,
            "vpc": true
          },
          "sensitive_attributes": [],
          "private": "eyJlMmJmYjczMC1lY2FhLTExZTYtOGY4OC0zNDM2M2JjN2M0YzAiOnsiZGVsZXRlIjoxODAwMDAwMDAwMDAsInJlYWQiOjkwMDAwMDAwMDAwMCwidXBkYXRlIjozMDAwMDAwMDAwMDB9fQ==",
          "dependencies": [
            "aws_internet_gateway.main",
            "aws_vpc.main"
          ]
        }
      ]
    },
    {
      "mode": "managed",
      "type": "aws_iam_role",
      "name": "ecs_task_execution_role",
      "provider": "provider[\"registry.terraform.io/hashicorp/aws\"]",
      "instances": [
        {
          "schema_version": 0,
          "attributes": {
            "arn": "arn:aws:iam::782696281574:role/kerala-toors-ecs-task-execution-role",
            "assume_role_policy": "{\"Statement\":[{\"Action\":\"sts:AssumeRole\",\"Effect\":\"Allow\",\"Principal\":{\"Service\":\"ecs-tasks.amazonaws.com\"}}],\"Version\":\"2012-10-17\"}",
            "create_date": "2026-03-07T16:38:46Z",
            "description": "",
            "force_detach_policies": false,
            "id": "kerala-toors-ecs-task-execution-role",
            "inline_policy": [],
            "managed_policy_arns": [],
            "max_session_duration": 3600,
            "name": "kerala-toors-ecs-task-execution-role",
            "name_prefix": "",
            "path": "/",
            "permissions_boundary": "",
            "tags": {
              "Name": "kerala-toors-ecs-task-execution-role"
            },
            "tags_all": {
              "Environment": "production",
              "ManagedBy": "Terraform",
              "Name": "kerala-toors-ecs-task-execution-role",
              "Owner": "DevOps",
              "Project": "Kerala-Toors"
            },
            "unique_id": "AROA3MPCVOXTENKCTQGGN"
          },
          "sensitive_attributes": [],
          "private": "bnVsbA=="
        }
      ]
    },
    {
      "mode": "managed",
      "type": "aws_iam_role",
      "name": "ecs_task_role",
      "provider": "provider[\"registry.terraform.io/hashicorp/aws\"]",
      "instances": [
        {
          "schema_version": 0,
          "attributes": {
            "arn": "arn:aws:iam::782696281574:role/kerala-toors-ecs-task-role",
            "assume_role_policy": "{\"Statement\":[{\"Action\":\"sts:AssumeRole\",\"Effect\":\"Allow\",\"Principal\":{\"Service\":\"ecs-tasks.amazonaws.com\"}}],\"Version\":\"2012-10-17\"}",
            "create_date": "2026-03-07T16:38:46Z",
            "description": "",
            "force_detach_policies": false,
            "id": "kerala-toors-ecs-task-role",
            "inline_policy": [],
            "managed_policy_arns": [],
            "max_session_duration": 3600,
            "name": "kerala-toors-ecs-task-role",
            "name_prefix": "",
            "path": "/",
            "permissions_boundary": "",
            "tags": {
              "Name": "kerala-toors-ecs-task-role"
            },
            "tags_all": {
              "Environment": "production",
              "ManagedBy": "Terraform",
              "Name": "kerala-toors-ecs-task-role",
              "Owner": "DevOps",
              "Project": "Kerala-Toors"
            },
            "unique_id": "AROA3MPCVOXTLK45P5UZY"
          },
          "sensitive_attributes": [],
          "private": "bnVsbA=="
        }
      ]
    },
    {
      "mode": "managed",
      "type": "aws_iam_role_policy",
      "name": "ecs_task_execution_role_policy",
      "provider": "provider[\"registry.terraform.io/hashicorp/aws\"]",
      "instances": [
        {
          "schema_version": 0,
          "attributes": {
            "id": "kerala-toors-ecs-task-execution-role:kerala-toors-ecs-task-execution-policy",
            "name": "kerala-toors-ecs-task-execution-policy",
            "name_prefix": "",
            "policy": "{\"Version\":\"2012-10-17\",\"Statement\":[{\"Action\":[\"ecr:GetAuthorizationToken\",\"ecr:GetDownloadUrlForLayer\",\"ecr:BatchGetImage\",\"ecr:BatchCheckLayerAvailability\"],\"Effect\":\"Allow\",\"Resource\":\"*\"},{\"Action\":[\"logs:CreateLogStream\",\"logs:PutLogEvents\"],\"Effect\":\"Allow\",\"Resource\":\"arn:aws:logs:ap-south-1:782696281574:log-group:/ecs/kerala-toors:*\"}]}",
            "role": "kerala-toors-ecs-task-execution-role"
          },
          "sensitive_attributes": [],
          "private": "bnVsbA==",
          "dependencies": [
            "aws_cloudwatch_log_group.ecs",
            "aws_iam_role.ecs_task_execution_role"
          ]
        }
      ]
    },
    {
      "mode": "managed",
      "type": "aws_iam_role_policy",
      "name": "ecs_task_role_policy",
      "provider": "provider[\"registry.terraform.io/hashicorp/aws\"]",
      "instances": [
        {
          "schema_version": 0,
          "attributes": {
            "id": "kerala-toors-ecs-task-role:kerala-toors-ecs-task-policy",
            "name": "kerala-toors-ecs-task-policy",
            "name_prefix": "",
            "policy": "{\"Version\":\"2012-10-17\",\"Statement\":[{\"Action\":[\"logs:CreateLogGroup\",\"logs:CreateLogStream\",\"logs:PutLogEvents\"],\"Effect\":\"Allow\",\"Resource\":\"*\"},{\"Action\":[\"cloudwatch:PutMetricData\"],\"Effect\":\"Allow\",\"Resource\":\"*\"}]}",
            "role": "kerala-toors-ecs-task-role"
          },
          "sensitive_attributes": [],
          "private": "bnVsbA==",
          "dependencies": [
            "aws_iam_role.ecs_task_role"
          ]
        }
      ]
    },
    {
      "mode": "managed",
      "type": "aws_iam_role_policy_attachment",
      "name": "ecs_task_execution_role_policy",
      "provider": "provider[\"registry.terraform.io/hashicorp/aws\"]",
      "instances": [
        {
          "schema_version": 0,
          "attributes": {
            "id": "kerala-toors-ecs-task-execution-role-20260307163847772500000002",
            "policy_arn": "arn:aws:iam::aws:policy/service-role/AmazonECSTaskExecutionRolePolicy",
            "role": "kerala-toors-ecs-task-execution-role"
          },
          "sensitive_attributes": [],
          "private": "bnVsbA==",
          "dependencies": [
            "aws_iam_role.ecs_task_execution_role"
          ]
        }
      ]
    },
    {
      "mode": "managed",
      "type": "aws_internet_gateway",
      "name": "main",
      "provider": "provider[\"registry.terraform.io/hashicorp/aws\"]",
      "instances": [
        {
          "schema_version": 0,
          "attributes": {
            "arn": "arn:aws:ec2:ap-south-1:782696281574:internet-gateway/igw-0ea95dc9c38ea20ac",
            "id": "igw-0ea95dc9c38ea20ac",
            "owner_id": "782696281574",
            "tags": {
              "Name": "kerala-toors-igw"
            },
            "tags_all": {
              "Environment": "production",
              "ManagedBy": "Terraform",
              "Name": "kerala-toors-igw",
              "Owner": "DevOps",
              "Project": "Kerala-Toors"
            },
            "timeouts": null,
            "vpc_id": "vpc-0ea53019326c7f267"
          },
          "sensitive_attributes": [],
          "private": "eyJlMmJmYjczMC1lY2FhLTExZTYtOGY4OC0zNDM2M2JjN2M0YzAiOnsiY3JlYXRlIjoxMjAwMDAwMDAwMDAwLCJkZWxldGUiOjEyMDAwMDAwMDAwMDAsInVwZGF0ZSI6MTIwMDAwMDAwMDAwMH19",
          "dependencies": [
            "aws_vpc.main"
          ]
        }
      ]
    },
    {
      "mode": "managed",
      "type": "aws_lb",
      "name": "main",
      "provider": "provider[\"registry.terraform.io/hashicorp/aws\"]",
      "instances": [
        {
          "schema_version": 0,
          "attributes": {
            "access_logs": [
              {
                "bucket": "",
                "enabled": false,
                "prefix": ""
              }
            ],
            "arn": "arn:aws:elasticloadbalancing:ap-south-1:782696281574:loadbalancer/app/kerala-toors-alb/d7206c81d0ca44c4",
            "arn_suffix": "app/kerala-toors-alb/d7206c81d0ca44c4",
            "client_keep_alive": 3600,
            "connection_logs": [
              {
                "bucket": "",
                "enabled": false,
                "prefix": ""
              }
            ],
            "customer_owned_ipv4_pool": "",
            "desync_mitigation_mode": "defensive",
            "dns_name": "kerala-toors-alb-958521998.ap-south-1.elb.amazonaws.com",
            "dns_record_client_routing_policy": null,
            "drop_invalid_header_fields": false,
            "enable_cross_zone_load_balancing": true,
            "enable_deletion_protection": false,
            "enable_http2": true,
            "enable_tls_version_and_cipher_suite_headers": false,
            "enable_waf_fail_open": false,
            "enable_xff_client_port": false,
            "enable_zonal_shift": false,
            "enforce_security_group_inbound_rules_on_private_link_traffic": "",
            "id": "arn:aws:elasticloadbalancing:ap-south-1:782696281574:loadbalancer/app/kerala-toors-alb/d7206c81d0ca44c4",
            "idle_timeout": 60,
            "internal": false,
            "ip_address_type": "ipv4",
            "ipam_pools": [],
            "load_balancer_type": "application",
            "minimum_load_balancer_capacity": [],
            "name": "kerala-toors-alb",
            "name_prefix": "",
            "preserve_host_header": false,
            "security_groups": [
              "sg-04886a3f8e4e9f0a7"
            ],
            "subnet_mapping": [
              {
                "allocation_id": "",
                "ipv6_address": "",
                "outpost_id": "",
                "private_ipv4_address": "",
                "subnet_id": "subnet-07b98306ad9b4a46b"
              },
              {
                "allocation_id": "",
                "ipv6_address": "",
                "outpost_id": "",
                "private_ipv4_address": "",
                "subnet_id": "subnet-0f09cba09e70299a7"
              }
            ],
            "subnets": [
              "subnet-07b98306ad9b4a46b",
              "subnet-0f09cba09e70299a7"
            ],
            "tags": {
              "Name": "kerala-toors-alb"
            },
            "tags_all": {
              "Environment": "production",
              "ManagedBy": "Terraform",
              "Name": "kerala-toors-alb",
              "Owner": "DevOps",
              "Project": "Kerala-Toors"
            },
            "timeouts": null,
            "vpc_id": "vpc-0ea53019326c7f267",
            "xff_header_processing_mode": "append",
            "zone_id": "ZP97RAFLXTNZK"
          },
          "sensitive_attributes": [],
          "private": "eyJlMmJmYjczMC1lY2FhLTExZTYtOGY4OC0zNDM2M2JjN2M0YzAiOnsiY3JlYXRlIjo2MDAwMDAwMDAwMDAsImRlbGV0ZSI6NjAwMDAwMDAwMDAwLCJ1cGRhdGUiOjYwMDAwMDAwMDAwMH19",
          "dependencies": [
            "aws_security_group.alb",
            "aws_subnet.public_1",
            "aws_subnet.public_2",
            "aws_vpc.main",
            "data.aws_availability_zones.available"
          ]
        }
      ]
    },
    {
      "mode": "managed",
      "type": "aws_lb_listener",
      "name": "http",
      "provider": "provider[\"registry.terraform.io/hashicorp/aws\"]",
      "instances": [
        {
          "schema_version": 0,
          "attributes": {
            "alpn_policy": null,
            "arn": "arn:aws:elasticloadbalancing:ap-south-1:782696281574:listener/app/kerala-toors-alb/d7206c81d0ca44c4/6c6b498c71847404",
            "certificate_arn": null,
            "default_action": [
              {
                "authenticate_cognito": [],
                "authenticate_oidc": [],
                "fixed_response": [],
                "forward": [],
                "order": 1,
                "redirect": [
                  {
                    "host": "#{host}",
                    "path": "/#{path}",
                    "port": "443",
                    "protocol": "HTTPS",
                    "query": "#{query}",
                    "status_code": "HTTP_301"
                  }
                ],
                "target_group_arn": "",
                "type": "redirect"
              }
            ],
            "id": "arn:aws:elasticloadbalancing:ap-south-1:782696281574:listener/app/kerala-toors-alb/d7206c81d0ca44c4/6c6b498c71847404",
            "load_balancer_arn": "arn:aws:elasticloadbalancing:ap-south-1:782696281574:loadbalancer/app/kerala-toors-alb/d7206c81d0ca44c4",
            "mutual_authentication": [],
            "port": 80,
            "protocol": "HTTP",
            "routing_http_request_x_amzn_mtls_clientcert_header_name": null,
            "routing_http_request_x_amzn_mtls_clientcert_issuer_header_name": null,
            "routing_http_request_x_amzn_mtls_clientcert_leaf_header_name": null,
            "routing_http_request_x_amzn_mtls_clientcert_serial_number_header_name": null,
            "routing_http_request_x_amzn_mtls_clientcert_subject_header_name": null,
            "routing_http_request_x_amzn_mtls_clientcert_validity_header_name": null,
            "routing_http_request_x_amzn_tls_cipher_suite_header_name": null,
            "routing_http_request_x_amzn_tls_version_header_name": null,
            "routing_http_response_access_control_allow_credentials_header_value": "",
            "routing_http_response_access_control_allow_headers_header_value": "",
            "routing_http_response_access_control_allow_methods_header_value": "",
            "routing_http_response_access_control_allow_origin_header_value": "",
            "routing_http_response_access_control_expose_headers_header_value": "",
            "routing_http_response_access_control_max_age_header_value": "",
            "routing_http_response_content_security_policy_header_value": "",
            "routing_http_response_server_enabled": true,
            "routing_http_response_strict_transport_security_header_value": "",
            "routing_http_response_x_content_type_options_header_value": "",
            "routing_http_response_x_frame_options_header_value": "",
            "ssl_policy": "",
            "tags": null,
            "tags_all": {
              "Environment": "production",
              "ManagedBy": "Terraform",
              "Owner": "DevOps",
              "Project": "Kerala-Toors"
            },
            "tcp_idle_timeout_seconds": null,
            "timeouts": null
          },
          "sensitive_attributes": [],
          "private": "eyJlMmJmYjczMC1lY2FhLTExZTYtOGY4OC0zNDM2M2JjN2M0YzAiOnsiY3JlYXRlIjozMDAwMDAwMDAwMDAsInVwZGF0ZSI6MzAwMDAwMDAwMDAwfX0=",
          "dependencies": [
            "aws_lb.main",
            "aws_security_group.alb",
            "aws_subnet.public_1",
            "aws_subnet.public_2",
            "aws_vpc.main",
            "data.aws_availability_zones.available"
          ]
        }
      ]
    },
    {
      "mode": "managed",
      "type": "aws_lb_target_group",
      "name": "main",
      "provider": "provider[\"registry.terraform.io/hashicorp/aws\"]",
      "instances": [
        {
          "schema_version": 0,
          "attributes": {
            "arn": "arn:aws:elasticloadbalancing:ap-south-1:782696281574:targetgroup/kerala-toors-tg/674af4d2ea5e4bd4",
            "arn_suffix": "targetgroup/kerala-toors-tg/674af4d2ea5e4bd4",
            "connection_termination": null,
            "deregistration_delay": "300",
            "health_check": [
              {
                "enabled": true,
                "healthy_threshold": 2,
                "interval": 30,
                "matcher": "200",
                "path": "/",
                "port": "traffic-port",
                "protocol": "HTTP",
                "timeout": 3,
                "unhealthy_threshold": 2
              }
            ],
            "id": "arn:aws:elasticloadbalancing:ap-south-1:782696281574:targetgroup/kerala-toors-tg/674af4d2ea5e4bd4",
            "ip_address_type": "ipv4",
            "lambda_multi_value_headers_enabled": false,
            "load_balancer_arns": [],
            "load_balancing_algorithm_type": "round_robin",
            "load_balancing_anomaly_mitigation": "off",
            "load_balancing_cross_zone_enabled": "use_load_balancer_configuration",
            "name": "kerala-toors-tg",
            "name_prefix": "",
            "port": 80,
            "preserve_client_ip": null,
            "protocol": "HTTP",
            "protocol_version": "HTTP1",
            "proxy_protocol_v2": false,
            "slow_start": 0,
            "stickiness": [
              {
                "cookie_duration": 86400,
                "cookie_name": "",
                "enabled": false,
                "type": "lb_cookie"
              }
            ],
            "tags": {
              "Name": "kerala-toors-tg"
            },
            "tags_all": {
              "Environment": "production",
              "ManagedBy": "Terraform",
              "Name": "kerala-toors-tg",
              "Owner": "DevOps",
              "Project": "Kerala-Toors"
            },
            "target_failover": [
              {
                "on_deregistration": null,
                "on_unhealthy": null
              }
            ],
            "target_group_health": [
              {
                "dns_failover": [
                  {
                    "minimum_healthy_targets_count": "1",
                    "minimum_healthy_targets_percentage": "off"
                  }
                ],
                "unhealthy_state_routing": [
                  {
                    "minimum_healthy_targets_count": 1,
                    "minimum_healthy_targets_percentage": "off"
                  }
                ]
              }
            ],
            "target_health_state": [
              {
                "enable_unhealthy_connection_termination": null,
                "unhealthy_draining_interval": null
              }
            ],
            "target_type": "ip",
            "vpc_id": "vpc-0ea53019326c7f267"
          },
          "sensitive_attributes": [],
          "private": "bnVsbA==",
          "dependencies": [
            "aws_vpc.main"
          ]
        }
      ]
    },
    {
      "mode": "managed",
      "type": "aws_nat_gateway",
      "name": "main",
      "provider": "provider[\"registry.terraform.io/hashicorp/aws\"]",
      "instances": [
        {
          "schema_version": 0,
          "attributes": {
            "allocation_id": "eipalloc-0ea8815653363bc0d",
            "association_id": "eipassoc-0f92089e29fc976c8",
            "connectivity_type": "public",
            "id": "nat-05765308b5da96a10",
            "network_interface_id": "eni-0c281f7d9d186394f",
            "private_ip": "10.0.1.56",
            "public_ip": "35.154.73.140",
            "secondary_allocation_ids": null,
            "secondary_private_ip_address_count": 0,
            "secondary_private_ip_addresses": [],
            "subnet_id": "subnet-07b98306ad9b4a46b",
            "tags": {
              "Name": "kerala-toors-nat"
            },
            "tags_all": {
              "Environment": "production",
              "ManagedBy": "Terraform",
              "Name": "kerala-toors-nat",
              "Owner": "DevOps",
              "Project": "Kerala-Toors"
            },
            "timeouts": null
          },
          "sensitive_attributes": [],
          "private": "eyJlMmJmYjczMC1lY2FhLTExZTYtOGY4OC0zNDM2M2JjN2M0YzAiOnsiY3JlYXRlIjo2MDAwMDAwMDAwMDAsImRlbGV0ZSI6MTgwMDAwMDAwMDAwMCwidXBkYXRlIjo2MDAwMDAwMDAwMDB9fQ==",
          "dependencies": [
            "aws_eip.nat",
            "aws_internet_gateway.main",
            "aws_subnet.public_1",
            "aws_vpc.main",
            "data.aws_availability_zones.available"
          ]
        }
      ]
    },
    {
      "mode": "managed",
      "type": "aws_route53_record",
      "name": "acm_validation",
      "provider": "provider[\"registry.terraform.io/hashicorp/aws\"]",
      "instances": [
        {
          "index_key": "*.kerala-toors.com",
          "schema_version": 2,
          "attributes": {
            "alias": [],
            "allow_overwrite": true,
            "cidr_routing_policy": [],
            "failover_routing_policy": [],
            "fqdn": "_b0e6f5ff7f882f782ebaa7b643b097b0.kerala-toors.com",
            "geolocation_routing_policy": [],
            "geoproximity_routing_policy": [],
            "health_check_id": "",
            "id": "Z08888132ISQ2GSZOST90__b0e6f5ff7f882f782ebaa7b643b097b0.kerala-toors.com._CNAME",
            "latency_routing_policy": [],
            "multivalue_answer_routing_policy": false,
            "name": "_b0e6f5ff7f882f782ebaa7b643b097b0.kerala-toors.com",
            "records": [
              "_2dc7e60b550b55bf9adbb1d8e225bbcc.jkddzztszm.acm-validations.aws."
            ],
            "set_identifier": "",
            "timeouts": null,
            "ttl": 60,
            "type": "CNAME",
            "weighted_routing_policy": [],
            "zone_id": "Z08888132ISQ2GSZOST90"
          },
          "sensitive_attributes": [],
          "private": "eyJlMmJmYjczMC1lY2FhLTExZTYtOGY4OC0zNDM2M2JjN2M0YzAiOnsiY3JlYXRlIjoxODAwMDAwMDAwMDAwLCJkZWxldGUiOjE4MDAwMDAwMDAwMDAsInVwZGF0ZSI6MTgwMDAwMDAwMDAwMH0sInNjaGVtYV92ZXJzaW9uIjoiMiJ9",
          "dependencies": [
            "aws_acm_certificate.main",
            "aws_route53_zone.main"
          ]
        },
        {
          "index_key": "kerala-toors.com",
          "schema_version": 2,
          "attributes": {
            "alias": [],
            "allow_overwrite": true,
            "cidr_routing_policy": [],
            "failover_routing_policy": [],
            "fqdn": "_b0e6f5ff7f882f782ebaa7b643b097b0.kerala-toors.com",
            "geolocation_routing_policy": [],
            "geoproximity_routing_policy": [],
            "health_check_id": "",
            "id": "Z08888132ISQ2GSZOST90__b0e6f5ff7f882f782ebaa7b643b097b0.kerala-toors.com._CNAME",
            "latency_routing_policy": [],
            "multivalue_answer_routing_policy": false,
            "name": "_b0e6f5ff7f882f782ebaa7b643b097b0.kerala-toors.com",
            "records": [
              "_2dc7e60b550b55bf9adbb1d8e225bbcc.jkddzztszm.acm-validations.aws."
            ],
            "set_identifier": "",
            "timeouts": null,
            "ttl": 60,
            "type": "CNAME",
            "weighted_routing_policy": [],
            "zone_id": "Z08888132ISQ2GSZOST90"
          },
          "sensitive_attributes": [],
          "private": "eyJlMmJmYjczMC1lY2FhLTExZTYtOGY4OC0zNDM2M2JjN2M0YzAiOnsiY3JlYXRlIjoxODAwMDAwMDAwMDAwLCJkZWxldGUiOjE4MDAwMDAwMDAwMDAsInVwZGF0ZSI6MTgwMDAwMDAwMDAwMH0sInNjaGVtYV92ZXJzaW9uIjoiMiJ9",
          "dependencies": [
            "aws_acm_certificate.main",
            "aws_route53_zone.main"
          ]
        }
      ]
    },
    {
      "mode": "managed",
      "type": "aws_route53_record",
      "name": "alb",
      "provider": "provider[\"registry.terraform.io/hashicorp/aws\"]",
      "instances": [
        {
          "schema_version": 2,
          "attributes": {
            "alias": [
              {
                "evaluate_target_health": true,
                "name": "kerala-toors-alb-958521998.ap-south-1.elb.amazonaws.com",
                "zone_id": "ZP97RAFLXTNZK"
              }
            ],
            "allow_overwrite": null,
            "cidr_routing_policy": [],
            "failover_routing_policy": [],
            "fqdn": "kerala-toors.com",
            "geolocation_routing_policy": [],
            "geoproximity_routing_policy": [],
            "health_check_id": "",
            "id": "Z08888132ISQ2GSZOST90_kerala-toors.com_A",
            "latency_routing_policy": [],
            "multivalue_answer_routing_policy": false,
            "name": "kerala-toors.com",
            "records": null,
            "set_identifier": "",
            "timeouts": null,
            "ttl": 0,
            "type": "A",
            "weighted_routing_policy": [],
            "zone_id": "Z08888132ISQ2GSZOST90"
          },
          "sensitive_attributes": [],
          "private": "eyJlMmJmYjczMC1lY2FhLTExZTYtOGY4OC0zNDM2M2JjN2M0YzAiOnsiY3JlYXRlIjoxODAwMDAwMDAwMDAwLCJkZWxldGUiOjE4MDAwMDAwMDAwMDAsInVwZGF0ZSI6MTgwMDAwMDAwMDAwMH0sInNjaGVtYV92ZXJzaW9uIjoiMiJ9",
          "dependencies": [
            "aws_lb.main",
            "aws_route53_zone.main",
            "aws_security_group.alb",
            "aws_subnet.public_1",
            "aws_subnet.public_2",
            "aws_vpc.main",
            "data.aws_availability_zones.available"
          ]
        }
      ]
    },
    {
      "mode": "managed",
      "type": "aws_route53_record",
      "name": "alb_www",
      "provider": "provider[\"registry.terraform.io/hashicorp/aws\"]",
      "instances": [
        {
          "schema_version": 2,
          "attributes": {
            "alias": [
              {
                "evaluate_target_health": true,
                "name": "kerala-toors-alb-958521998.ap-south-1.elb.amazonaws.com",
                "zone_id": "ZP97RAFLXTNZK"
              }
            ],
            "allow_overwrite": null,
            "cidr_routing_policy": [],
            "failover_routing_policy": [],
            "fqdn": "www.kerala-toors.com",
            "geolocation_routing_policy": [],
            "geoproximity_routing_policy": [],
            "health_check_id": "",
            "id": "Z08888132ISQ2GSZOST90_www.kerala-toors.com_A",
            "latency_routing_policy": [],
            "multivalue_answer_routing_policy": false,
            "name": "www.kerala-toors.com",
            "records": null,
            "set_identifier": "",
            "timeouts": null,
            "ttl": 0,
            "type": "A",
            "weighted_routing_policy": [],
            "zone_id": "Z08888132ISQ2GSZOST90"
          },
          "sensitive_attributes": [],
          "private": "eyJlMmJmYjczMC1lY2FhLTExZTYtOGY4OC0zNDM2M2JjN2M0YzAiOnsiY3JlYXRlIjoxODAwMDAwMDAwMDAwLCJkZWxldGUiOjE4MDAwMDAwMDAwMDAsInVwZGF0ZSI6MTgwMDAwMDAwMDAwMH0sInNjaGVtYV92ZXJzaW9uIjoiMiJ9",
          "dependencies": [
            "aws_lb.main",
            "aws_route53_zone.main",
            "aws_security_group.alb",
            "aws_subnet.public_1",
            "aws_subnet.public_2",
            "aws_vpc.main",
            "data.aws_availability_zones.available"
          ]
        }
      ]
    },
    {
      "mode": "managed",
      "type": "aws_route53_zone",
      "name": "main",
      "provider": "provider[\"registry.terraform.io/hashicorp/aws\"]",
      "instances": [
        {
          "schema_version": 0,
          "attributes": {
            "arn": "arn:aws:route53:::hostedzone/Z08888132ISQ2GSZOST90",
            "comment": "Managed by Terraform",
            "delegation_set_id": "",
            "force_destroy": false,
            "id": "Z08888132ISQ2GSZOST90",
            "name": "kerala-toors.com",
            "name_servers": [
              "ns-1286.awsdns-32.org",
              "ns-1718.awsdns-22.co.uk",
              "ns-302.awsdns-37.com",
              "ns-685.awsdns-21.net"
            ],
            "primary_name_server": "ns-302.awsdns-37.com",
            "tags": {
              "Name": "kerala-toors-zone"
            },
            "tags_all": {
              "Environment": "production",
              "ManagedBy": "Terraform",
              "Name": "kerala-toors-zone",
              "Owner": "DevOps",
              "Project": "Kerala-Toors"
            },
            "timeouts": null,
            "vpc": [],
            "zone_id": "Z08888132ISQ2GSZOST90"
          },
          "sensitive_attributes": [],
          "private": "eyJlMmJmYjczMC1lY2FhLTExZTYtOGY4OC0zNDM2M2JjN2M0YzAiOnsiY3JlYXRlIjoxODAwMDAwMDAwMDAwLCJkZWxldGUiOjE4MDAwMDAwMDAwMDAsInVwZGF0ZSI6MTgwMDAwMDAwMDAwMH19",
          "create_before_destroy": true
        }
      ]
    },
    {
      "mode": "managed",
      "type": "aws_route_table",
      "name": "private",
      "provider": "provider[\"registry.terraform.io/hashicorp/aws\"]",
      "instances": [
        {
          "schema_version": 0,
          "attributes": {
            "arn": "arn:aws:ec2:ap-south-1:782696281574:route-table/rtb-02a3e79ad6dbe0b5d",
            "id": "rtb-02a3e79ad6dbe0b5d",
            "owner_id": "782696281574",
            "propagating_vgws": [],
            "route": [
              {
                "carrier_gateway_id": "",
                "cidr_block": "0.0.0.0/0",
                "core_network_arn": "",
                "destination_prefix_list_id": "",
                "egress_only_gateway_id": "",
                "gateway_id": "",
                "ipv6_cidr_block": "",
                "local_gateway_id": "",
                "nat_gateway_id": "nat-05765308b5da96a10",
                "network_interface_id": "",
                "transit_gateway_id": "",
                "vpc_endpoint_id": "",
                "vpc_peering_connection_id": ""
              }
            ],
            "tags": {
              "Name": "kerala-toors-private-rt"
            },
            "tags_all": {
              "Environment": "production",
              "ManagedBy": "Terraform",
              "Name": "kerala-toors-private-rt",
              "Owner": "DevOps",
              "Project": "Kerala-Toors"
            },
            "timeouts": null,
            "vpc_id": "vpc-0ea53019326c7f267"
          },
          "sensitive_attributes": [],
          "private": "eyJlMmJmYjczMC1lY2FhLTExZTYtOGY4OC0zNDM2M2JjN2M0YzAiOnsiY3JlYXRlIjozMDAwMDAwMDAwMDAsImRlbGV0ZSI6MzAwMDAwMDAwMDAwLCJ1cGRhdGUiOjEyMDAwMDAwMDAwMH19",
          "dependencies": [
            "aws_eip.nat",
            "aws_internet_gateway.main",
            "aws_nat_gateway.main",
            "aws_subnet.public_1",
            "aws_vpc.main",
            "data.aws_availability_zones.available"
          ]
        }
      ]
    },
    {
      "mode": "managed",
      "type": "aws_route_table",
      "name": "public",
      "provider": "provider[\"registry.terraform.io/hashicorp/aws\"]",
      "instances": [
        {
          "schema_version": 0,
          "attributes": {
            "arn": "arn:aws:ec2:ap-south-1:782696281574:route-table/rtb-03557231e26456d3c",
            "id": "rtb-03557231e26456d3c",
            "owner_id": "782696281574",
            "propagating_vgws": [],
            "route": [
              {
                "carrier_gateway_id": "",
                "cidr_block": "0.0.0.0/0",
                "core_network_arn": "",
                "destination_prefix_list_id": "",
                "egress_only_gateway_id": "",
                "gateway_id": "igw-0ea95dc9c38ea20ac",
                "ipv6_cidr_block": "",
                "local_gateway_id": "",
                "nat_gateway_id": "",
                "network_interface_id": "",
                "transit_gateway_id": "",
                "vpc_endpoint_id": "",
                "vpc_peering_connection_id": ""
              }
            ],
            "tags": {
              "Name": "kerala-toors-public-rt"
            },
            "tags_all": {
              "Environment": "production",
              "ManagedBy": "Terraform",
              "Name": "kerala-toors-public-rt",
              "Owner": "DevOps",
              "Project": "Kerala-Toors"
            },
            "timeouts": null,
            "vpc_id": "vpc-0ea53019326c7f267"
          },
          "sensitive_attributes": [],
          "private": "eyJlMmJmYjczMC1lY2FhLTExZTYtOGY4OC0zNDM2M2JjN2M0YzAiOnsiY3JlYXRlIjozMDAwMDAwMDAwMDAsImRlbGV0ZSI6MzAwMDAwMDAwMDAwLCJ1cGRhdGUiOjEyMDAwMDAwMDAwMH19",
          "dependencies": [
            "aws_internet_gateway.main",
            "aws_vpc.main"
          ]
        }
      ]
    },
    {
      "mode": "managed",
      "type": "aws_route_table_association",
      "name": "private_1",
      "provider": "provider[\"registry.terraform.io/hashicorp/aws\"]",
      "instances": [
        {
          "schema_version": 0,
          "attributes": {
            "gateway_id": "",
            "id": "rtbassoc-0e49b994f7deff6e3",
            "route_table_id": "rtb-02a3e79ad6dbe0b5d",
            "subnet_id": "subnet-0c7f5a55cddaaec3c",
            "timeouts": null
          },
          "sensitive_attributes": [],
          "private": "eyJlMmJmYjczMC1lY2FhLTExZTYtOGY4OC0zNDM2M2JjN2M0YzAiOnsiY3JlYXRlIjozMDAwMDAwMDAwMDAsImRlbGV0ZSI6MzAwMDAwMDAwMDAwLCJ1cGRhdGUiOjEyMDAwMDAwMDAwMH19",
          "dependencies": [
            "aws_eip.nat",
            "aws_internet_gateway.main",
            "aws_nat_gateway.main",
            "aws_route_table.private",
            "aws_subnet.private_1",
            "aws_subnet.public_1",
            "aws_vpc.main",
            "data.aws_availability_zones.available"
          ]
        }
      ]
    },
    {
      "mode": "managed",
      "type": "aws_route_table_association",
      "name": "private_2",
      "provider": "provider[\"registry.terraform.io/hashicorp/aws\"]",
      "instances": [
        {
          "schema_version": 0,
          "attributes": {
            "gateway_id": "",
            "id": "rtbassoc-09d11aba7968c8c76",
            "route_table_id": "rtb-02a3e79ad6dbe0b5d",
            "subnet_id": "subnet-0f551c608f0ef9d18",
            "timeouts": null
          },
          "sensitive_attributes": [],
          "private": "eyJlMmJmYjczMC1lY2FhLTExZTYtOGY4OC0zNDM2M2JjN2M0YzAiOnsiY3JlYXRlIjozMDAwMDAwMDAwMDAsImRlbGV0ZSI6MzAwMDAwMDAwMDAwLCJ1cGRhdGUiOjEyMDAwMDAwMDAwMH19",
          "dependencies": [
            "aws_eip.nat",
            "aws_internet_gateway.main",
            "aws_nat_gateway.main",
            "aws_route_table.private",
            "aws_subnet.private_2",
            "aws_subnet.public_1",
            "aws_vpc.main",
            "data.aws_availability_zones.available"
          ]
        }
      ]
    },
    {
      "mode": "managed",
      "type": "aws_route_table_association",
      "name": "public_1",
      "provider": "provider[\"registry.terraform.io/hashicorp/aws\"]",
      "instances": [
        {
          "schema_version": 0,
          "attributes": {
            "gateway_id": "",
            "id": "rtbassoc-0116e57cc47efda7b",
            "route_table_id": "rtb-03557231e26456d3c",
            "subnet_id": "subnet-07b98306ad9b4a46b",
            "timeouts": null
          },
          "sensitive_attributes": [],
          "private": "eyJlMmJmYjczMC1lY2FhLTExZTYtOGY4OC0zNDM2M2JjN2M0YzAiOnsiY3JlYXRlIjozMDAwMDAwMDAwMDAsImRlbGV0ZSI6MzAwMDAwMDAwMDAwLCJ1cGRhdGUiOjEyMDAwMDAwMDAwMH19",
          "dependencies": [
            "aws_internet_gateway.main",
            "aws_route_table.public",
            "aws_subnet.public_1",
            "aws_vpc.main",
            "data.aws_availability_zones.available"
          ]
        }
      ]
    },
    {
      "mode": "managed",
      "type": "aws_route_table_association",
      "name": "public_2",
      "provider": "provider[\"registry.terraform.io/hashicorp/aws\"]",
      "instances": [
        {
          "schema_version": 0,
          "attributes": {
            "gateway_id": "",
            "id": "rtbassoc-027dddacf87b6a9d5",
            "route_table_id": "rtb-03557231e26456d3c",
            "subnet_id": "subnet-0f09cba09e70299a7",
            "timeouts": null
          },
          "sensitive_attributes": [],
          "private": "eyJlMmJmYjczMC1lY2FhLTExZTYtOGY4OC0zNDM2M2JjN2M0YzAiOnsiY3JlYXRlIjozMDAwMDAwMDAwMDAsImRlbGV0ZSI6MzAwMDAwMDAwMDAwLCJ1cGRhdGUiOjEyMDAwMDAwMDAwMH19",
          "dependencies": [
            "aws_internet_gateway.main",
            "aws_route_table.public",
            "aws_subnet.public_2",
            "aws_vpc.main",
            "data.aws_availability_zones.available"
          ]
        }
      ]
    },
    {
      "mode": "managed",
      "type": "aws_security_group",
      "name": "alb",
      "provider": "provider[\"registry.terraform.io/hashicorp/aws\"]",
      "instances": [
        {
          "schema_version": 1,
          "attributes": {
            "arn": "arn:aws:ec2:ap-south-1:782696281574:security-group/sg-04886a3f8e4e9f0a7",
            "description": "Security group for ALB",
            "egress": [
              {
                "cidr_blocks": [
                  "0.0.0.0/0"
                ],
                "description": "",
                "from_port": 0,
                "ipv6_cidr_blocks": [],
                "prefix_list_ids": [],
                "protocol": "-1",
                "security_groups": [],
                "self": false,
                "to_port": 0
              }
            ],
            "id": "sg-04886a3f8e4e9f0a7",
            "ingress": [
              {
                "cidr_blocks": [
                  "0.0.0.0/0"
                ],
                "description": "",
                "from_port": 443,
                "ipv6_cidr_blocks": [],
                "prefix_list_ids": [],
                "protocol": "tcp",
                "security_groups": [],
                "self": false,
                "to_port": 443
              },
              {
                "cidr_blocks": [
                  "0.0.0.0/0"
                ],
                "description": "",
                "from_port": 80,
                "ipv6_cidr_blocks": [],
                "prefix_list_ids": [],
                "protocol": "tcp",
                "security_groups": [],
                "self": false,
                "to_port": 80
              }
            ],
            "name": "kerala-toors-alb-sg",
            "name_prefix": "",
            "owner_id": "782696281574",
            "revoke_rules_on_delete": false,
            "tags": {
              "Name": "kerala-toors-alb-sg"
            },
            "tags_all": {
              "Environment": "production",
              "ManagedBy": "Terraform",
              "Name": "kerala-toors-alb-sg",
              "Owner": "DevOps",
              "Project": "Kerala-Toors"
            },
            "timeouts": null,
            "vpc_id": "vpc-0ea53019326c7f267"
          },
          "sensitive_attributes": [],
          "private": "eyJlMmJmYjczMC1lY2FhLTExZTYtOGY4OC0zNDM2M2JjN2M0YzAiOnsiY3JlYXRlIjo2MDAwMDAwMDAwMDAsImRlbGV0ZSI6OTAwMDAwMDAwMDAwfSwic2NoZW1hX3ZlcnNpb24iOiIxIn0=",
          "dependencies": [
            "aws_vpc.main"
          ]
        }
      ]
    },
    {
      "mode": "managed",
      "type": "aws_security_group",
      "name": "ecs_tasks",
      "provider": "provider[\"registry.terraform.io/hashicorp/aws\"]",
      "instances": [
        {
          "schema_version": 1,
          "attributes": {
            "arn": "arn:aws:ec2:ap-south-1:782696281574:security-group/sg-058b544a3cbc0b034",
            "description": "Security group for ECS tasks",
            "egress": [
              {
                "cidr_blocks": [
                  "0.0.0.0/0"
                ],
                "description": "",
                "from_port": 0,
                "ipv6_cidr_blocks": [],
                "prefix_list_ids": [],
                "protocol": "-1",
                "security_groups": [],
                "self": false,
                "to_port": 0
              }
            ],
            "id": "sg-058b544a3cbc0b034",
            "ingress": [
              {
                "cidr_blocks": [],
                "description": "",
                "from_port": 80,
                "ipv6_cidr_blocks": [],
                "prefix_list_ids": [],
                "protocol": "tcp",
                "security_groups": [
                  "sg-04886a3f8e4e9f0a7"
                ],
                "self": false,
                "to_port": 80
              }
            ],
            "name": "kerala-toors-ecs-tasks-sg",
            "name_prefix": "",
            "owner_id": "782696281574",
            "revoke_rules_on_delete": false,
            "tags": {
              "Name": "kerala-toors-ecs-tasks-sg"
            },
            "tags_all": {
              "Environment": "production",
              "ManagedBy": "Terraform",
              "Name": "kerala-toors-ecs-tasks-sg",
              "Owner": "DevOps",
              "Project": "Kerala-Toors"
            },
            "timeouts": null,
            "vpc_id": "vpc-0ea53019326c7f267"
          },
          "sensitive_attributes": [],
          "private": "eyJlMmJmYjczMC1lY2FhLTExZTYtOGY4OC0zNDM2M2JjN2M0YzAiOnsiY3JlYXRlIjo2MDAwMDAwMDAwMDAsImRlbGV0ZSI6OTAwMDAwMDAwMDAwfSwic2NoZW1hX3ZlcnNpb24iOiIxIn0=",
          "dependencies": [
            "aws_security_group.alb",
            "aws_vpc.main"
          ]
        }
      ]
    },
    {
      "mode": "managed",
      "type": "aws_security_group",
      "name": "monitoring",
      "provider": "provider[\"registry.terraform.io/hashicorp/aws\"]",
      "instances": [
        {
          "schema_version": 1,
          "attributes": {
            "arn": "arn:aws:ec2:ap-south-1:782696281574:security-group/sg-09195154984f6f554",
            "description": "Security group for monitoring",
            "egress": [
              {
                "cidr_blocks": [
                  "0.0.0.0/0"
                ],
                "description": "",
                "from_port": 0,
                "ipv6_cidr_blocks": [],
                "prefix_list_ids": [],
                "protocol": "-1",
                "security_groups": [],
                "self": false,
                "to_port": 0
              }
            ],
            "id": "sg-09195154984f6f554",
            "ingress": [
              {
                "cidr_blocks": [
                  "10.0.0.0/16"
                ],
                "description": "",
                "from_port": 9090,
                "ipv6_cidr_blocks": [],
                "prefix_list_ids": [],
                "protocol": "tcp",
                "security_groups": [],
                "self": false,
                "to_port": 9090
              }
            ],
            "name": "kerala-toors-monitoring-sg",
            "name_prefix": "",
            "owner_id": "782696281574",
            "revoke_rules_on_delete": false,
            "tags": {
              "Name": "kerala-toors-monitoring-sg"
            },
            "tags_all": {
              "Environment": "production",
              "ManagedBy": "Terraform",
              "Name": "kerala-toors-monitoring-sg",
              "Owner": "DevOps",
              "Project": "Kerala-Toors"
            },
            "timeouts": null,
            "vpc_id": "vpc-0ea53019326c7f267"
          },
          "sensitive_attributes": [],
          "private": "eyJlMmJmYjczMC1lY2FhLTExZTYtOGY4OC0zNDM2M2JjN2M0YzAiOnsiY3JlYXRlIjo2MDAwMDAwMDAwMDAsImRlbGV0ZSI6OTAwMDAwMDAwMDAwfSwic2NoZW1hX3ZlcnNpb24iOiIxIn0=",
          "dependencies": [
            "aws_vpc.main"
          ]
        }
      ]
    },
    {
      "mode": "managed",
      "type": "aws_sns_topic",
      "name": "alerts",
      "provider": "provider[\"registry.terraform.io/hashicorp/aws\"]",
      "instances": [
        {
          "schema_version": 0,
          "attributes": {
            "application_failure_feedback_role_arn": "",
            "application_success_feedback_role_arn": "",
            "application_success_feedback_sample_rate": 0,
            "archive_policy": "",
            "arn": "arn:aws:sns:ap-south-1:782696281574:kerala-toors-alerts",
            "beginning_archive_time": "",
            "content_based_deduplication": false,
            "delivery_policy": "",
            "display_name": "",
            "fifo_throughput_scope": "",
            "fifo_topic": false,
            "firehose_failure_feedback_role_arn": "",
            "firehose_success_feedback_role_arn": "",
            "firehose_success_feedback_sample_rate": 0,
            "http_failure_feedback_role_arn": "",
            "http_success_feedback_role_arn": "",
            "http_success_feedback_sample_rate": 0,
            "id": "arn:aws:sns:ap-south-1:782696281574:kerala-toors-alerts",
            "kms_master_key_id": "",
            "lambda_failure_feedback_role_arn": "",
            "lambda_success_feedback_role_arn": "",
            "lambda_success_feedback_sample_rate": 0,
            "name": "kerala-toors-alerts",
            "name_prefix": "",
            "owner": "782696281574",
            "policy": "{\"Id\":\"__default_policy_ID\",\"Statement\":[{\"Action\":[\"SNS:GetTopicAttributes\",\"SNS:SetTopicAttributes\",\"SNS:AddPermission\",\"SNS:RemovePermission\",\"SNS:DeleteTopic\",\"SNS:Subscribe\",\"SNS:ListSubscriptionsByTopic\",\"SNS:Publish\"],\"Condition\":{\"StringEquals\":{\"AWS:SourceOwner\":\"782696281574\"}},\"Effect\":\"Allow\",\"Principal\":{\"AWS\":\"*\"},\"Resource\":\"arn:aws:sns:ap-south-1:782696281574:kerala-toors-alerts\",\"Sid\":\"__default_statement_ID\"}],\"Version\":\"2008-10-17\"}",
            "signature_version": 0,
            "sqs_failure_feedback_role_arn": "",
            "sqs_success_feedback_role_arn": "",
            "sqs_success_feedback_sample_rate": 0,
            "tags": {
              "Name": "kerala-toors-alerts-topic"
            },
            "tags_all": {
              "Environment": "production",
              "ManagedBy": "Terraform",
              "Name": "kerala-toors-alerts-topic",
              "Owner": "DevOps",
              "Project": "Kerala-Toors"
            },
            "tracing_config": ""
          },
          "sensitive_attributes": [],
          "private": "bnVsbA=="
        }
      ]
    },
    {
      "mode": "managed",
      "type": "aws_sns_topic_subscription",
      "name": "alerts_email",
      "provider": "provider[\"registry.terraform.io/hashicorp/aws\"]",
      "instances": [
        {
          "schema_version": 0,
          "attributes": {
            "arn": "arn:aws:sns:ap-south-1:782696281574:kerala-toors-alerts:15c53607-7fe7-4ee4-a2a1-21d81e81813a",
            "confirmation_timeout_in_minutes": 1,
            "confirmation_was_authenticated": false,
            "delivery_policy": "",
            "endpoint": "your-email@example.com",
            "endpoint_auto_confirms": false,
            "filter_policy": "",
            "filter_policy_scope": "",
            "id": "arn:aws:sns:ap-south-1:782696281574:kerala-toors-alerts:15c53607-7fe7-4ee4-a2a1-21d81e81813a",
            "owner_id": "782696281574",
            "pending_confirmation": true,
            "protocol": "email",
            "raw_message_delivery": false,
            "redrive_policy": "",
            "replay_policy": "",
            "subscription_role_arn": "",
            "topic_arn": "arn:aws:sns:ap-south-1:782696281574:kerala-toors-alerts"
          },
          "sensitive_attributes": [],
          "private": "bnVsbA==",
          "dependencies": [
            "aws_sns_topic.alerts"
          ]
        }
      ]
    },
    {
      "mode": "managed",
      "type": "aws_subnet",
      "name": "private_1",
      "provider": "provider[\"registry.terraform.io/hashicorp/aws\"]",
      "instances": [
        {
          "schema_version": 1,
          "attributes": {
            "arn": "arn:aws:ec2:ap-south-1:782696281574:subnet/subnet-0c7f5a55cddaaec3c",
            "assign_ipv6_address_on_creation": false,
            "availability_zone": "ap-south-1a",
            "availability_zone_id": "aps1-az1",
            "cidr_block": "10.0.10.0/24",
            "customer_owned_ipv4_pool": "",
            "enable_dns64": false,
            "enable_lni_at_device_index": 0,
            "enable_resource_name_dns_a_record_on_launch": false,
            "enable_resource_name_dns_aaaa_record_on_launch": false,
            "id": "subnet-0c7f5a55cddaaec3c",
            "ipv6_cidr_block": "",
            "ipv6_cidr_block_association_id": "",
            "ipv6_native": false,
            "map_customer_owned_ip_on_launch": false,
            "map_public_ip_on_launch": false,
            "outpost_arn": "",
            "owner_id": "782696281574",
            "private_dns_hostname_type_on_launch": "ip-name",
            "tags": {
              "Name": "kerala-toors-private-subnet-1"
            },
            "tags_all": {
              "Environment": "production",
              "ManagedBy": "Terraform",
              "Name": "kerala-toors-private-subnet-1",
              "Owner": "DevOps",
              "Project": "Kerala-Toors"
            },
            "timeouts": null,
            "vpc_id": "vpc-0ea53019326c7f267"
          },
          "sensitive_attributes": [],
          "private": "eyJlMmJmYjczMC1lY2FhLTExZTYtOGY4OC0zNDM2M2JjN2M0YzAiOnsiY3JlYXRlIjo2MDAwMDAwMDAwMDAsImRlbGV0ZSI6MTIwMDAwMDAwMDAwMH0sInNjaGVtYV92ZXJzaW9uIjoiMSJ9",
          "dependencies": [
            "aws_vpc.main",
            "data.aws_availability_zones.available"
          ]
        }
      ]
    },
    {
      "mode": "managed",
      "type": "aws_subnet",
      "name": "private_2",
      "provider": "provider[\"registry.terraform.io/hashicorp/aws\"]",
      "instances": [
        {
          "schema_version": 1,
          "attributes": {
            "arn": "arn:aws:ec2:ap-south-1:782696281574:subnet/subnet-0f551c608f0ef9d18",
            "assign_ipv6_address_on_creation": false,
            "availability_zone": "ap-south-1b",
            "availability_zone_id": "aps1-az3",
            "cidr_block": "10.0.11.0/24",
            "customer_owned_ipv4_pool": "",
            "enable_dns64": false,
            "enable_lni_at_device_index": 0,
            "enable_resource_name_dns_a_record_on_launch": false,
            "enable_resource_name_dns_aaaa_record_on_launch": false,
            "id": "subnet-0f551c608f0ef9d18",
            "ipv6_cidr_block": "",
            "ipv6_cidr_block_association_id": "",
            "ipv6_native": false,
            "map_customer_owned_ip_on_launch": false,
            "map_public_ip_on_launch": false,
            "outpost_arn": "",
            "owner_id": "782696281574",
            "private_dns_hostname_type_on_launch": "ip-name",
            "tags": {
              "Name": "kerala-toors-private-subnet-2"
            },
            "tags_all": {
              "Environment": "production",
              "ManagedBy": "Terraform",
              "Name": "kerala-toors-private-subnet-2",
              "Owner": "DevOps",
              "Project": "Kerala-Toors"
            },
            "timeouts": null,
            "vpc_id": "vpc-0ea53019326c7f267"
          },
          "sensitive_attributes": [],
          "private": "eyJlMmJmYjczMC1lY2FhLTExZTYtOGY4OC0zNDM2M2JjN2M0YzAiOnsiY3JlYXRlIjo2MDAwMDAwMDAwMDAsImRlbGV0ZSI6MTIwMDAwMDAwMDAwMH0sInNjaGVtYV92ZXJzaW9uIjoiMSJ9",
          "dependencies": [
            "aws_vpc.main",
            "data.aws_availability_zones.available"
          ]
        }
      ]
    },
    {
      "mode": "managed",
      "type": "aws_subnet",
      "name": "public_1",
      "provider": "provider[\"registry.terraform.io/hashicorp/aws\"]",
      "instances": [
        {
          "schema_version": 1,
          "attributes": {
            "arn": "arn:aws:ec2:ap-south-1:782696281574:subnet/subnet-07b98306ad9b4a46b",
            "assign_ipv6_address_on_creation": false,
            "availability_zone": "ap-south-1a",
            "availability_zone_id": "aps1-az1",
            "cidr_block": "10.0.1.0/24",
            "customer_owned_ipv4_pool": "",
            "enable_dns64": false,
            "enable_lni_at_device_index": 0,
            "enable_resource_name_dns_a_record_on_launch": false,
            "enable_resource_name_dns_aaaa_record_on_launch": false,
            "id": "subnet-07b98306ad9b4a46b",
            "ipv6_cidr_block": "",
            "ipv6_cidr_block_association_id": "",
            "ipv6_native": false,
            "map_customer_owned_ip_on_launch": false,
            "map_public_ip_on_launch": true,
            "outpost_arn": "",
            "owner_id": "782696281574",
            "private_dns_hostname_type_on_launch": "ip-name",
            "tags": {
              "Name": "kerala-toors-public-subnet-1"
            },
            "tags_all": {
              "Environment": "production",
              "ManagedBy": "Terraform",
              "Name": "kerala-toors-public-subnet-1",
              "Owner": "DevOps",
              "Project": "Kerala-Toors"
            },
            "timeouts": null,
            "vpc_id": "vpc-0ea53019326c7f267"
          },
          "sensitive_attributes": [],
          "private": "eyJlMmJmYjczMC1lY2FhLTExZTYtOGY4OC0zNDM2M2JjN2M0YzAiOnsiY3JlYXRlIjo2MDAwMDAwMDAwMDAsImRlbGV0ZSI6MTIwMDAwMDAwMDAwMH0sInNjaGVtYV92ZXJzaW9uIjoiMSJ9",
          "dependencies": [
            "aws_vpc.main",
            "data.aws_availability_zones.available"
          ]
        }
      ]
    },
    {
      "mode": "managed",
      "type": "aws_subnet",
      "name": "public_2",
      "provider": "provider[\"registry.terraform.io/hashicorp/aws\"]",
      "instances": [
        {
          "schema_version": 1,
          "attributes": {
            "arn": "arn:aws:ec2:ap-south-1:782696281574:subnet/subnet-0f09cba09e70299a7",
            "assign_ipv6_address_on_creation": false,
            "availability_zone": "ap-south-1b",
            "availability_zone_id": "aps1-az3",
            "cidr_block": "10.0.2.0/24",
            "customer_owned_ipv4_pool": "",
            "enable_dns64": false,
            "enable_lni_at_device_index": 0,
            "enable_resource_name_dns_a_record_on_launch": false,
            "enable_resource_name_dns_aaaa_record_on_launch": false,
            "id": "subnet-0f09cba09e70299a7",
            "ipv6_cidr_block": "",
            "ipv6_cidr_block_association_id": "",
            "ipv6_native": false,
            "map_customer_owned_ip_on_launch": false,
            "map_public_ip_on_launch": true,
            "outpost_arn": "",
            "owner_id": "782696281574",
            "private_dns_hostname_type_on_launch": "ip-name",
            "tags": {
              "Name": "kerala-toors-public-subnet-2"
            },
            "tags_all": {
              "Environment": "production",
              "ManagedBy": "Terraform",
              "Name": "kerala-toors-public-subnet-2",
              "Owner": "DevOps",
              "Project": "Kerala-Toors"
            },
            "timeouts": null,
            "vpc_id": "vpc-0ea53019326c7f267"
          },
          "sensitive_attributes": [],
          "private": "eyJlMmJmYjczMC1lY2FhLTExZTYtOGY4OC0zNDM2M2JjN2M0YzAiOnsiY3JlYXRlIjo2MDAwMDAwMDAwMDAsImRlbGV0ZSI6MTIwMDAwMDAwMDAwMH0sInNjaGVtYV92ZXJzaW9uIjoiMSJ9",
          "dependencies": [
            "aws_vpc.main",
            "data.aws_availability_zones.available"
          ]
        }
      ]
    },
    {
      "mode": "managed",
      "type": "aws_vpc",
      "name": "main",
      "provider": "provider[\"registry.terraform.io/hashicorp/aws\"]",
      "instances": [
        {
          "schema_version": 1,
          "attributes": {
            "arn": "arn:aws:ec2:ap-south-1:782696281574:vpc/vpc-0ea53019326c7f267",
            "assign_generated_ipv6_cidr_block": false,
            "cidr_block": "10.0.0.0/16",
            "default_network_acl_id": "acl-0114d9e9dcce9eafd",
            "default_route_table_id": "rtb-0ef50b02cd03e3b90",
            "default_security_group_id": "sg-0fb492eddc4656f24",
            "dhcp_options_id": "dopt-051411cd72b02245b",
            "enable_dns_hostnames": true,
            "enable_dns_support": true,
            "enable_network_address_usage_metrics": false,
            "id": "vpc-0ea53019326c7f267",
            "instance_tenancy": "default",
            "ipv4_ipam_pool_id": null,
            "ipv4_netmask_length": null,
            "ipv6_association_id": "",
            "ipv6_cidr_block": "",
            "ipv6_cidr_block_network_border_group": "",
            "ipv6_ipam_pool_id": "",
            "ipv6_netmask_length": 0,
            "main_route_table_id": "rtb-0ef50b02cd03e3b90",
            "owner_id": "782696281574",
            "tags": {
              "Name": "kerala-toors-vpc"
            },
            "tags_all": {
              "Environment": "production",
              "ManagedBy": "Terraform",
              "Name": "kerala-toors-vpc",
              "Owner": "DevOps",
              "Project": "Kerala-Toors"
            }
          },
          "sensitive_attributes": [],
          "private": "eyJzY2hlbWFfdmVyc2lvbiI6IjEifQ=="
        }
      ]
    }
  ],
  "check_results": null
}
